// !$*UTF8*$!
{
	archiveVersion = 1;
	classes = {
	};
	objectVersion = 55;
	objects = {

/* Begin PBXBuildFile section */
		4A2C61592818209500481C29 /* AppDelegate.swift in Sources */ = {isa = PBXBuildFile; fileRef = 4A2C61582818209500481C29 /* AppDelegate.swift */; };
		4A2C615B2818209500481C29 /* GameScene.sks in Resources */ = {isa = PBXBuildFile; fileRef = 4A2C615A2818209500481C29 /* GameScene.sks */; };
		4A2C615D2818209500481C29 /* Actions.sks in Resources */ = {isa = PBXBuildFile; fileRef = 4A2C615C2818209500481C29 /* Actions.sks */; };
		4A2C615F2818209500481C29 /* GameScene.swift in Sources */ = {isa = PBXBuildFile; fileRef = 4A2C615E2818209500481C29 /* GameScene.swift */; };
		4A2C61612818209500481C29 /* GameViewController.swift in Sources */ = {isa = PBXBuildFile; fileRef = 4A2C61602818209500481C29 /* GameViewController.swift */; };
		4A2C61642818209500481C29 /* Main.storyboard in Resources */ = {isa = PBXBuildFile; fileRef = 4A2C61622818209500481C29 /* Main.storyboard */; };
		4A2C61662818209600481C29 /* Assets.xcassets in Resources */ = {isa = PBXBuildFile; fileRef = 4A2C61652818209600481C29 /* Assets.xcassets */; };
		4A2C61692818209600481C29 /* LaunchScreen.storyboard in Resources */ = {isa = PBXBuildFile; fileRef = 4A2C61672818209600481C29 /* LaunchScreen.storyboard */; };
		4A2C6170281820F200481C29 /* SplashScreen.swift in Sources */ = {isa = PBXBuildFile; fileRef = 4A2C616F281820F200481C29 /* SplashScreen.swift */; };
		4A2C61722818213100481C29 /* PauseMenuHandler.swift in Sources */ = {isa = PBXBuildFile; fileRef = 4A2C61712818213100481C29 /* PauseMenuHandler.swift */; };
		4A2C61742818215700481C29 /* LanguageHandler.swift in Sources */ = {isa = PBXBuildFile; fileRef = 4A2C61732818215700481C29 /* LanguageHandler.swift */; };
		4A2C61762818218400481C29 /* Music.swift in Sources */ = {isa = PBXBuildFile; fileRef = 4A2C61752818218400481C29 /* Music.swift */; };
		4A2C6178281821D300481C29 /* Level0VariableHandler.swift in Sources */ = {isa = PBXBuildFile; fileRef = 4A2C6177281821D300481C29 /* Level0VariableHandler.swift */; };
		4A2C617B2818221800481C29 /* prologue.swift in Sources */ = {isa = PBXBuildFile; fileRef = 4A2C617A2818221800481C29 /* prologue.swift */; };
		4A2C617D2818228F00481C29 /* Level00.swift in Sources */ = {isa = PBXBuildFile; fileRef = 4A2C617C2818228F00481C29 /* Level00.swift */; };
		4A2C617F281822A000481C29 /* Level00-2.swift in Sources */ = {isa = PBXBuildFile; fileRef = 4A2C617E281822A000481C29 /* Level00-2.swift */; };
		4A2C6181281822A800481C29 /* Level00-3.swift in Sources */ = {isa = PBXBuildFile; fileRef = 4A2C6180281822A800481C29 /* Level00-3.swift */; };
		4A2C6183281822AF00481C29 /* Level00-4.swift in Sources */ = {isa = PBXBuildFile; fileRef = 4A2C6182281822AF00481C29 /* Level00-4.swift */; };
		4A2C6185281822C100481C29 /* Level00-5.swift in Sources */ = {isa = PBXBuildFile; fileRef = 4A2C6184281822C100481C29 /* Level00-5.swift */; };
		4A2C6187281822CC00481C29 /* TheEnd.swift in Sources */ = {isa = PBXBuildFile; fileRef = 4A2C6186281822CC00481C29 /* TheEnd.swift */; };
		4A2C6189281822E100481C29 /* CharacterMovementHandler.swift in Sources */ = {isa = PBXBuildFile; fileRef = 4A2C6188281822E100481C29 /* CharacterMovementHandler.swift */; };
		4A2C618B281822EF00481C29 /* UIAnimationsHandler.swift in Sources */ = {isa = PBXBuildFile; fileRef = 4A2C618A281822EF00481C29 /* UIAnimationsHandler.swift */; };
/* End PBXBuildFile section */

/* Begin PBXFileReference section */
		4A2C61552818209500481C29 /* Specular.app */ = {isa = PBXFileReference; explicitFileType = wrapper.application; includeInIndex = 0; path = Specular.app; sourceTree = BUILT_PRODUCTS_DIR; };
		4A2C61582818209500481C29 /* AppDelegate.swift */ = {isa = PBXFileReference; lastKnownFileType = sourcecode.swift; path = AppDelegate.swift; sourceTree = "<group>"; };
		4A2C615A2818209500481C29 /* GameScene.sks */ = {isa = PBXFileReference; lastKnownFileType = file.sks; path = GameScene.sks; sourceTree = "<group>"; };
		4A2C615C2818209500481C29 /* Actions.sks */ = {isa = PBXFileReference; lastKnownFileType = file.sks; path = Actions.sks; sourceTree = "<group>"; };
		4A2C615E2818209500481C29 /* GameScene.swift */ = {isa = PBXFileReference; lastKnownFileType = sourcecode.swift; path = GameScene.swift; sourceTree = "<group>"; };
		4A2C61602818209500481C29 /* GameViewController.swift */ = {isa = PBXFileReference; lastKnownFileType = sourcecode.swift; path = GameViewController.swift; sourceTree = "<group>"; };
		4A2C61632818209500481C29 /* Base */ = {isa = PBXFileReference; lastKnownFileType = file.storyboard; name = Base; path = Base.lproj/Main.storyboard; sourceTree = "<group>"; };
		4A2C61652818209600481C29 /* Assets.xcassets */ = {isa = PBXFileReference; lastKnownFileType = folder.assetcatalog; path = Assets.xcassets; sourceTree = "<group>"; };
		4A2C61682818209600481C29 /* Base */ = {isa = PBXFileReference; lastKnownFileType = file.storyboard; name = Base; path = Base.lproj/LaunchScreen.storyboard; sourceTree = "<group>"; };
		4A2C616F281820F200481C29 /* SplashScreen.swift */ = {isa = PBXFileReference; lastKnownFileType = sourcecode.swift; path = SplashScreen.swift; sourceTree = "<group>"; };
		4A2C61712818213100481C29 /* PauseMenuHandler.swift */ = {isa = PBXFileReference; lastKnownFileType = sourcecode.swift; path = PauseMenuHandler.swift; sourceTree = "<group>"; };
		4A2C61732818215700481C29 /* LanguageHandler.swift */ = {isa = PBXFileReference; lastKnownFileType = sourcecode.swift; path = LanguageHandler.swift; sourceTree = "<group>"; };
		4A2C61752818218400481C29 /* Music.swift */ = {isa = PBXFileReference; lastKnownFileType = sourcecode.swift; path = Music.swift; sourceTree = "<group>"; };
		4A2C6177281821D300481C29 /* Level0VariableHandler.swift */ = {isa = PBXFileReference; lastKnownFileType = sourcecode.swift; path = Level0VariableHandler.swift; sourceTree = "<group>"; };
		4A2C617A2818221800481C29 /* prologue.swift */ = {isa = PBXFileReference; lastKnownFileType = sourcecode.swift; path = prologue.swift; sourceTree = "<group>"; };
		4A2C617C2818228F00481C29 /* Level00.swift */ = {isa = PBXFileReference; lastKnownFileType = sourcecode.swift; path = Level00.swift; sourceTree = "<group>"; };
		4A2C617E281822A000481C29 /* Level00-2.swift */ = {isa = PBXFileReference; lastKnownFileType = sourcecode.swift; path = "Level00-2.swift"; sourceTree = "<group>"; };
		4A2C6180281822A800481C29 /* Level00-3.swift */ = {isa = PBXFileReference; lastKnownFileType = sourcecode.swift; path = "Level00-3.swift"; sourceTree = "<group>"; };
		4A2C6182281822AF00481C29 /* Level00-4.swift */ = {isa = PBXFileReference; lastKnownFileType = sourcecode.swift; path = "Level00-4.swift"; sourceTree = "<group>"; };
		4A2C6184281822C100481C29 /* Level00-5.swift */ = {isa = PBXFileReference; lastKnownFileType = sourcecode.swift; path = "Level00-5.swift"; sourceTree = "<group>"; };
		4A2C6186281822CC00481C29 /* TheEnd.swift */ = {isa = PBXFileReference; lastKnownFileType = sourcecode.swift; path = TheEnd.swift; sourceTree = "<group>"; };
		4A2C6188281822E100481C29 /* CharacterMovementHandler.swift */ = {isa = PBXFileReference; lastKnownFileType = sourcecode.swift; path = CharacterMovementHandler.swift; sourceTree = "<group>"; };
		4A2C618A281822EF00481C29 /* UIAnimationsHandler.swift */ = {isa = PBXFileReference; lastKnownFileType = sourcecode.swift; path = UIAnimationsHandler.swift; sourceTree = "<group>"; };
/* End PBXFileReference section */

/* Begin PBXFrameworksBuildPhase section */
		4A2C61522818209500481C29 /* Frameworks */ = {
			isa = PBXFrameworksBuildPhase;
			buildActionMask = 2147483647;
			files = (
			);
			runOnlyForDeploymentPostprocessing = 0;
		};
/* End PBXFrameworksBuildPhase section */

/* Begin PBXGroup section */
		4A2C614C2818209500481C29 = {
			isa = PBXGroup;
			children = (
				4A2C61572818209500481C29 /* Specular */,
				4A2C61562818209500481C29 /* Products */,
			);
			sourceTree = "<group>";
		};
		4A2C61562818209500481C29 /* Products */ = {
			isa = PBXGroup;
			children = (
				4A2C61552818209500481C29 /* Specular.app */,
			);
			name = Products;
			sourceTree = "<group>";
		};
		4A2C61572818209500481C29 /* Specular */ = {
			isa = PBXGroup;
			children = (
				4A2C61582818209500481C29 /* AppDelegate.swift */,
				4A2C615A2818209500481C29 /* GameScene.sks */,
				4A2C615C2818209500481C29 /* Actions.sks */,
				4A2C615E2818209500481C29 /* GameScene.swift */,
				4A2C61712818213100481C29 /* PauseMenuHandler.swift */,
				4A2C61732818215700481C29 /* LanguageHandler.swift */,
				4A2C61752818218400481C29 /* Music.swift */,
				4A2C6179281821DA00481C29 /* Level 0 */,
				4A2C61602818209500481C29 /* GameViewController.swift */,
				4A2C616F281820F200481C29 /* SplashScreen.swift */,
				4A2C61622818209500481C29 /* Main.storyboard */,
				4A2C61652818209600481C29 /* Assets.xcassets */,
				4A2C61672818209600481C29 /* LaunchScreen.storyboard */,
			);
			path = Specular;
			sourceTree = "<group>";
		};
		4A2C6179281821DA00481C29 /* Level 0 */ = {
			isa = PBXGroup;
			children = (
				4A2C6177281821D300481C29 /* Level0VariableHandler.swift */,
				4A2C617A2818221800481C29 /* prologue.swift */,
				4A2C617C2818228F00481C29 /* Level00.swift */,
				4A2C617E281822A000481C29 /* Level00-2.swift */,
				4A2C6180281822A800481C29 /* Level00-3.swift */,
				4A2C6182281822AF00481C29 /* Level00-4.swift */,
				4A2C6184281822C100481C29 /* Level00-5.swift */,
				4A2C6186281822CC00481C29 /* TheEnd.swift */,
				4A2C6188281822E100481C29 /* CharacterMovementHandler.swift */,
				4A2C618A281822EF00481C29 /* UIAnimationsHandler.swift */,
			);
			path = "Level 0";
			sourceTree = "<group>";
		};
/* End PBXGroup section */

/* Begin PBXNativeTarget section */
		4A2C61542818209500481C29 /* Specular */ = {
			isa = PBXNativeTarget;
			buildConfigurationList = 4A2C616C2818209600481C29 /* Build configuration list for PBXNativeTarget "Specular" */;
			buildPhases = (
				4A2C61512818209500481C29 /* Sources */,
				4A2C61522818209500481C29 /* Frameworks */,
				4A2C61532818209500481C29 /* Resources */,
			);
			buildRules = (
			);
			dependencies = (
			);
			name = Specular;
			productName = Specular;
			productReference = 4A2C61552818209500481C29 /* Specular.app */;
			productType = "com.apple.product-type.application";
		};
/* End PBXNativeTarget section */

/* Begin PBXProject section */
		4A2C614D2818209500481C29 /* Project object */ = {
			isa = PBXProject;
			attributes = {
				BuildIndependentTargetsInParallel = 1;
				LastSwiftUpdateCheck = 1330;
				LastUpgradeCheck = 1330;
				TargetAttributes = {
					4A2C61542818209500481C29 = {
						CreatedOnToolsVersion = 13.3.1;
					};
				};
			};
			buildConfigurationList = 4A2C61502818209500481C29 /* Build configuration list for PBXProject "Specular" */;
			compatibilityVersion = "Xcode 13.0";
			developmentRegion = en;
			hasScannedForEncodings = 0;
			knownRegions = (
				en,
				Base,
			);
			mainGroup = 4A2C614C2818209500481C29;
			productRefGroup = 4A2C61562818209500481C29 /* Products */;
			projectDirPath = "";
			projectRoot = "";
			targets = (
				4A2C61542818209500481C29 /* Specular */,
			);
		};
/* End PBXProject section */

/* Begin PBXResourcesBuildPhase section */
		4A2C61532818209500481C29 /* Resources */ = {
			isa = PBXResourcesBuildPhase;
			buildActionMask = 2147483647;
			files = (
				4A2C61642818209500481C29 /* Main.storyboard in Resources */,
				4A2C615B2818209500481C29 /* GameScene.sks in Resources */,
				4A2C61662818209600481C29 /* Assets.xcassets in Resources */,
				4A2C61692818209600481C29 /* LaunchScreen.storyboard in Resources */,
				4A2C615D2818209500481C29 /* Actions.sks in Resources */,
			);
			runOnlyForDeploymentPostprocessing = 0;
		};
/* End PBXResourcesBuildPhase section */

/* Begin PBXSourcesBuildPhase section */
		4A2C61512818209500481C29 /* Sources */ = {
			isa = PBXSourcesBuildPhase;
			buildActionMask = 2147483647;
			files = (
				4A2C6185281822C100481C29 /* Level00-5.swift in Sources */,
				4A2C6170281820F200481C29 /* SplashScreen.swift in Sources */,
				4A2C615F2818209500481C29 /* GameScene.swift in Sources */,
				4A2C618B281822EF00481C29 /* UIAnimationsHandler.swift in Sources */,
				4A2C6178281821D300481C29 /* Level0VariableHandler.swift in Sources */,
				4A2C61722818213100481C29 /* PauseMenuHandler.swift in Sources */,
				4A2C617D2818228F00481C29 /* Level00.swift in Sources */,
				4A2C617F281822A000481C29 /* Level00-2.swift in Sources */,
				4A2C6187281822CC00481C29 /* TheEnd.swift in Sources */,
				4A2C6183281822AF00481C29 /* Level00-4.swift in Sources */,
				4A2C6181281822A800481C29 /* Level00-3.swift in Sources */,
				4A2C61612818209500481C29 /* GameViewController.swift in Sources */,
				4A2C61762818218400481C29 /* Music.swift in Sources */,
				4A2C61742818215700481C29 /* LanguageHandler.swift in Sources */,
				4A2C61592818209500481C29 /* AppDelegate.swift in Sources */,
				4A2C617B2818221800481C29 /* prologue.swift in Sources */,
				4A2C6189281822E100481C29 /* CharacterMovementHandler.swift in Sources */,
			);
			runOnlyForDeploymentPostprocessing = 0;
		};
/* End PBXSourcesBuildPhase section */

/* Begin PBXVariantGroup section */
		4A2C61622818209500481C29 /* Main.storyboard */ = {
			isa = PBXVariantGroup;
			children = (
				4A2C61632818209500481C29 /* Base */,
			);
			name = Main.storyboard;
			sourceTree = "<group>";
		};
		4A2C61672818209600481C29 /* LaunchScreen.storyboard */ = {
			isa = PBXVariantGroup;
			children = (
				4A2C61682818209600481C29 /* Base */,
			);
			name = LaunchScreen.storyboard;
			sourceTree = "<group>";
		};
/* End PBXVariantGroup section */

/* Begin XCBuildConfiguration section */
		4A2C616A2818209600481C29 /* Debug */ = {
			isa = XCBuildConfiguration;
			buildSettings = {
				ALWAYS_SEARCH_USER_PATHS = NO;
				CLANG_ANALYZER_NONNULL = YES;
				CLANG_ANALYZER_NUMBER_OBJECT_CONVERSION = YES_AGGRESSIVE;
				CLANG_CXX_LANGUAGE_STANDARD = "gnu++17";
				CLANG_ENABLE_MODULES = YES;
				CLANG_ENABLE_OBJC_ARC = YES;
				CLANG_ENABLE_OBJC_WEAK = YES;
				CLANG_WARN_BLOCK_CAPTURE_AUTORELEASING = YES;
				CLANG_WARN_BOOL_CONVERSION = YES;
				CLANG_WARN_COMMA = YES;
				CLANG_WARN_CONSTANT_CONVERSION = YES;
				CLANG_WARN_DEPRECATED_OBJC_IMPLEMENTATIONS = YES;
				CLANG_WARN_DIRECT_OBJC_ISA_USAGE = YES_ERROR;
				CLANG_WARN_DOCUMENTATION_COMMENTS = YES;
				CLANG_WARN_EMPTY_BODY = YES;
				CLANG_WARN_ENUM_CONVERSION = YES;
				CLANG_WARN_INFINITE_RECURSION = YES;
				CLANG_WARN_INT_CONVERSION = YES;
				CLANG_WARN_NON_LITERAL_NULL_CONVERSION = YES;
				CLANG_WARN_OBJC_IMPLICIT_RETAIN_SELF = YES;
				CLANG_WARN_OBJC_LITERAL_CONVERSION = YES;
				CLANG_WARN_OBJC_ROOT_CLASS = YES_ERROR;
				CLANG_WARN_QUOTED_INCLUDE_IN_FRAMEWORK_HEADER = YES;
				CLANG_WARN_RANGE_LOOP_ANALYSIS = YES;
				CLANG_WARN_STRICT_PROTOTYPES = YES;
				CLANG_WARN_SUSPICIOUS_MOVE = YES;
				CLANG_WARN_UNGUARDED_AVAILABILITY = YES_AGGRESSIVE;
				CLANG_WARN_UNREACHABLE_CODE = YES;
				CLANG_WARN__DUPLICATE_METHOD_MATCH = YES;
				COPY_PHASE_STRIP = NO;
				DEBUG_INFORMATION_FORMAT = dwarf;
				ENABLE_STRICT_OBJC_MSGSEND = YES;
				ENABLE_TESTABILITY = YES;
				GCC_C_LANGUAGE_STANDARD = gnu11;
				GCC_DYNAMIC_NO_PIC = NO;
				GCC_NO_COMMON_BLOCKS = YES;
				GCC_OPTIMIZATION_LEVEL = 0;
				GCC_PREPROCESSOR_DEFINITIONS = (
					"DEBUG=1",
					"$(inherited)",
				);
				GCC_WARN_64_TO_32_BIT_CONVERSION = YES;
				GCC_WARN_ABOUT_RETURN_TYPE = YES_ERROR;
				GCC_WARN_UNDECLARED_SELECTOR = YES;
				GCC_WARN_UNINITIALIZED_AUTOS = YES_AGGRESSIVE;
				GCC_WARN_UNUSED_FUNCTION = YES;
				GCC_WARN_UNUSED_VARIABLE = YES;
				IPHONEOS_DEPLOYMENT_TARGET = 15.4;
				MTL_ENABLE_DEBUG_INFO = INCLUDE_SOURCE;
				MTL_FAST_MATH = YES;
				ONLY_ACTIVE_ARCH = YES;
				SDKROOT = iphoneos;
				SWIFT_ACTIVE_COMPILATION_CONDITIONS = DEBUG;
				SWIFT_OPTIMIZATION_LEVEL = "-Onone";
			};
			name = Debug;
		};
		4A2C616B2818209600481C29 /* Release */ = {
			isa = XCBuildConfiguration;
			buildSettings = {
				ALWAYS_SEARCH_USER_PATHS = NO;
				CLANG_ANALYZER_NONNULL = YES;
				CLANG_ANALYZER_NUMBER_OBJECT_CONVERSION = YES_AGGRESSIVE;
				CLANG_CXX_LANGUAGE_STANDARD = "gnu++17";
				CLANG_ENABLE_MODULES = YES;
				CLANG_ENABLE_OBJC_ARC = YES;
				CLANG_ENABLE_OBJC_WEAK = YES;
				CLANG_WARN_BLOCK_CAPTURE_AUTORELEASING = YES;
				CLANG_WARN_BOOL_CONVERSION = YES;
				CLANG_WARN_COMMA = YES;
				CLANG_WARN_CONSTANT_CONVERSION = YES;
				CLANG_WARN_DEPRECATED_OBJC_IMPLEMENTATIONS = YES;
				CLANG_WARN_DIRECT_OBJC_ISA_USAGE = YES_ERROR;
				CLANG_WARN_DOCUMENTATION_COMMENTS = YES;
				CLANG_WARN_EMPTY_BODY = YES;
				CLANG_WARN_ENUM_CONVERSION = YES;
				CLANG_WARN_INFINITE_RECURSION = YES;
				CLANG_WARN_INT_CONVERSION = YES;
				CLANG_WARN_NON_LITERAL_NULL_CONVERSION = YES;
				CLANG_WARN_OBJC_IMPLICIT_RETAIN_SELF = YES;
				CLANG_WARN_OBJC_LITERAL_CONVERSION = YES;
				CLANG_WARN_OBJC_ROOT_CLASS = YES_ERROR;
				CLANG_WARN_QUOTED_INCLUDE_IN_FRAMEWORK_HEADER = YES;
				CLANG_WARN_RANGE_LOOP_ANALYSIS = YES;
				CLANG_WARN_STRICT_PROTOTYPES = YES;
				CLANG_WARN_SUSPICIOUS_MOVE = YES;
				CLANG_WARN_UNGUARDED_AVAILABILITY = YES_AGGRESSIVE;
				CLANG_WARN_UNREACHABLE_CODE = YES;
				CLANG_WARN__DUPLICATE_METHOD_MATCH = YES;
				COPY_PHASE_STRIP = NO;
				DEBUG_INFORMATION_FORMAT = "dwarf-with-dsym";
				ENABLE_NS_ASSERTIONS = NO;
				ENABLE_STRICT_OBJC_MSGSEND = YES;
				GCC_C_LANGUAGE_STANDARD = gnu11;
				GCC_NO_COMMON_BLOCKS = YES;
				GCC_WARN_64_TO_32_BIT_CONVERSION = YES;
				GCC_WARN_ABOUT_RETURN_TYPE = YES_ERROR;
				GCC_WARN_UNDECLARED_SELECTOR = YES;
				GCC_WARN_UNINITIALIZED_AUTOS = YES_AGGRESSIVE;
				GCC_WARN_UNUSED_FUNCTION = YES;
				GCC_WARN_UNUSED_VARIABLE = YES;
				IPHONEOS_DEPLOYMENT_TARGET = 15.4;
				MTL_ENABLE_DEBUG_INFO = NO;
				MTL_FAST_MATH = YES;
				SDKROOT = iphoneos;
				SWIFT_COMPILATION_MODE = wholemodule;
				SWIFT_OPTIMIZATION_LEVEL = "-O";
				VALIDATE_PRODUCT = YES;
			};
			name = Release;
		};
		4A2C616D2818209600481C29 /* Debug */ = {
			isa = XCBuildConfiguration;
			buildSettings = {
				ASSETCATALOG_COMPILER_APPICON_NAME = AppIcon;
				ASSETCATALOG_COMPILER_GLOBAL_ACCENT_COLOR_NAME = AccentColor;
				CODE_SIGN_STYLE = Automatic;
				CURRENT_PROJECT_VERSION = 1;
				DEVELOPMENT_TEAM = BDML2SSWYB;
				GENERATE_INFOPLIST_FILE = YES;
				INFOPLIST_KEY_UIApplicationSupportsIndirectInputEvents = YES;
				INFOPLIST_KEY_UILaunchStoryboardName = LaunchScreen;
				INFOPLIST_KEY_UIMainStoryboardFile = Main;
				INFOPLIST_KEY_UIStatusBarHidden = YES;
				INFOPLIST_KEY_UISupportedInterfaceOrientations_iPad = "UIInterfaceOrientationPortrait UIInterfaceOrientationPortraitUpsideDown UIInterfaceOrientationLandscapeLeft UIInterfaceOrientationLandscapeRight";
				INFOPLIST_KEY_UISupportedInterfaceOrientations_iPhone = "UIInterfaceOrientationPortrait UIInterfaceOrientationLandscapeLeft UIInterfaceOrientationLandscapeRight";
				LD_RUNPATH_SEARCH_PATHS = (
					"$(inherited)",
					"@executable_path/Frameworks",
				);
				MARKETING_VERSION = 1.0;
				PRODUCT_BUNDLE_IDENTIFIER = Salvatore.Specular;
				PRODUCT_NAME = "$(TARGET_NAME)";
				SWIFT_EMIT_LOC_STRINGS = YES;
				SWIFT_VERSION = 5.0;
				TARGETED_DEVICE_FAMILY = "1,2";
			};
			name = Debug;
		};
		4A2C616E2818209600481C29 /* Release */ = {
			isa = XCBuildConfiguration;
			buildSettings = {
				ASSETCATALOG_COMPILER_APPICON_NAME = AppIcon;
				ASSETCATALOG_COMPILER_GLOBAL_ACCENT_COLOR_NAME = AccentColor;
				CODE_SIGN_STYLE = Automatic;
				CURRENT_PROJECT_VERSION = 1;
				DEVELOPMENT_TEAM = BDML2SSWYB;
				GENERATE_INFOPLIST_FILE = YES;
				INFOPLIST_KEY_UIApplicationSupportsIndirectInputEvents = YES;
				INFOPLIST_KEY_UILaunchStoryboardName = LaunchScreen;
				INFOPLIST_KEY_UIMainStoryboardFile = Main;
				INFOPLIST_KEY_UIStatusBarHidden = YES;
				INFOPLIST_KEY_UISupportedInterfaceOrientations_iPad = "UIInterfaceOrientationPortrait UIInterfaceOrientationPortraitUpsideDown UIInterfaceOrientationLandscapeLeft UIInterfaceOrientationLandscapeRight";
				INFOPLIST_KEY_UISupportedInterfaceOrientations_iPhone = "UIInterfaceOrientationPortrait UIInterfaceOrientationLandscapeLeft UIInterfaceOrientationLandscapeRight";
				LD_RUNPATH_SEARCH_PATHS = (
					"$(inherited)",
					"@executable_path/Frameworks",
				);
				MARKETING_VERSION = 1.0;
				PRODUCT_BUNDLE_IDENTIFIER = Salvatore.Specular;
				PRODUCT_NAME = "$(TARGET_NAME)";
				SWIFT_EMIT_LOC_STRINGS = YES;
				SWIFT_VERSION = 5.0;
				TARGETED_DEVICE_FAMILY = "1,2";
			};
			name = Release;
		};
/* End XCBuildConfiguration section */

/* Begin XCConfigurationList section */
		4A2C61502818209500481C29 /* Build configuration list for PBXProject "Specular" */ = {
			isa = XCConfigurationList;
			buildConfigurations = (
				4A2C616A2818209600481C29 /* Debug */,
				4A2C616B2818209600481C29 /* Release */,
			);
			defaultConfigurationIsVisible = 0;
			defaultConfigurationName = Release;
		};
		4A2C616C2818209600481C29 /* Build configuration list for PBXNativeTarget "Specular" */ = {
			isa = XCConfigurationList;
			buildConfigurations = (
				4A2C616D2818209600481C29 /* Debug */,
				4A2C616E2818209600481C29 /* Release */,
			);
			defaultConfigurationIsVisible = 0;
			defaultConfigurationName = Release;
		};
/* End XCConfigurationList section */
	};
	rootObject = 4A2C614D2818209500481C29 /* Project object */;
}
